
Microsoft Visual Studio Solution File, Format Version 12.00
# Visual Studio Version 16
VisualStudioVersion = 16.0.31025.194
MinimumVisualStudioVersion = 10.0.40219.1
Project("{9A19103F-16F7-4668-BE54-9A1E7A4F7556}") = "EasyNow.Dto", "EasyNow.Dto\EasyNow.Dto.csproj", "{C3F97391-D281-4F99-920B-33940F76ACC5}"
EndProject
Project("{9A19103F-16F7-4668-BE54-9A1E7A4F7556}") = "EasyNow.Utility", "EasyNow.Utility\EasyNow.Utility.csproj", "{EEC88FAB-980A-44BB-AC1F-C280A29837DC}"
EndProject
Project("{9A19103F-16F7-4668-BE54-9A1E7A4F7556}") = "EasyNow.Grpc", "EasyNow.Grpc\EasyNow.Grpc.csproj", "{648BF115-64CD-47D6-B841-75D635E7F636}"
EndProject
Project("{2150E333-8FDC-42A3-9474-1A3956D46DE8}") = "其他文件", "其他文件", "{EC7F9CDC-40A1-435E-90A9-F1ADBFB1FA45}"
	ProjectSection(SolutionItems) = preProject
		.gitignore = .gitignore
		.gitlab-ci.yml = .gitlab-ci.yml
		NuGet.Config = NuGet.Config
	EndProjectSection
EndProject
Project("{9A19103F-16F7-4668-BE54-9A1E7A4F7556}") = "EasyNow.AspNetCore", "EasyNow.AspNetCore\EasyNow.AspNetCore.csproj", "{BFB60676-9698-47CB-999F-BF4E04F032F4}"
EndProject
Project("{9A19103F-16F7-4668-BE54-9A1E7A4F7556}") = "EasyNow.Dal", "EasyNow.Dal\EasyNow.Dal.csproj", "{5DA316FE-DD35-4E80-8E18-427E24BD1EE4}"
EndProject
Project("{9A19103F-16F7-4668-BE54-9A1E7A4F7556}") = "EasyNow.Office", "EasyNow.Office\EasyNow.Office.csproj", "{39C98530-2334-4E8B-B547-D38F0411819A}"
EndProject
Project("{9A19103F-16F7-4668-BE54-9A1E7A4F7556}") = "EasyNow.File", "EasyNow.File\EasyNow.File.csproj", "{4B195E92-FF6E-4A17-A2B2-018E0CF1DDDF}"
EndProject
Project("{9A19103F-16F7-4668-BE54-9A1E7A4F7556}") = "EasyNow.EventBus", "EasyNow.EventBus\EasyNow.EventBus.csproj", "{FC5A7BFA-0A84-4C7E-B02B-6C0E1732D2E0}"
EndProject
Project("{9A19103F-16F7-4668-BE54-9A1E7A4F7556}") = "EasyNow.Generator", "EasyNow.Generator\EasyNow.Generator.csproj", "{39CBBA92-0DCC-420F-B303-7706DC1EC687}"
EndProject
Project("{2150E333-8FDC-42A3-9474-1A3956D46DE8}") = "Tests", "Tests", "{0D13CEB7-56B2-42D0-8332-FD45C014FDF7}"
EndProject
Project("{9A19103F-16F7-4668-BE54-9A1E7A4F7556}") = "Generator.Tests", "Generator.Tests\Generator.Tests.csproj", "{15EDB348-9866-4D3C-A4E1-48F7A504525D}"
EndProject
Project("{9A19103F-16F7-4668-BE54-9A1E7A4F7556}") = "EasyNow.ApiClient.Getui", "EasyNow.ApiClient.Getui\EasyNow.ApiClient.Getui.csproj", "{DD1753B6-20B6-4B88-83BA-3F8E2548E502}"
EndProject
Project("{9A19103F-16F7-4668-BE54-9A1E7A4F7556}") = "ApiClient.Getui.Tests", "ApiClient.Getui.Tests\ApiClient.Getui.Tests.csproj", "{01ED7E69-B383-428A-AE1C-9DC27AF24DCF}"
EndProject
Project("{9A19103F-16F7-4668-BE54-9A1E7A4F7556}") = "EasyNow.Service", "EasyNow.Service\EasyNow.Service.csproj", "{10E70E64-CAD9-491D-B94E-17AF14BD1C99}"
EndProject
Project("{9A19103F-16F7-4668-BE54-9A1E7A4F7556}") = "EasyNow.Service.Db", "EasyNow.Service.Db\EasyNow.Service.Db.csproj", "{44DDDCAB-3C48-4A4F-966B-07801B549225}"
EndProject
Project("{9A19103F-16F7-4668-BE54-9A1E7A4F7556}") = "Tests", "Tests\Tests.csproj", "{5B0545B4-87A3-4307-B0F9-56041DC52555}"
EndProject
Project("{FAE04EC0-301F-11D3-BF4B-00C04F79EFBC}") = "EasyNow.Image", "EasyNow.Image\EasyNow.Image.csproj", "{06BA8EFC-78B7-4431-B94A-E153F2602F1E}"
EndProject
Project("{FAE04EC0-301F-11D3-BF4B-00C04F79EFBC}") = "EasyNow.Collection", "EasyNow.Collection\EasyNow.Collection.csproj", "{7CE67A1F-D0F8-4070-8967-5C08786413EC}"
EndProject
Project("{FAE04EC0-301F-11D3-BF4B-00C04F79EFBC}") = "EasyNow.Envoy", "EasyNow.Envoy\EasyNow.Envoy.csproj", "{34AA4463-525A-4D0C-9364-A8BE5C6D73A7}"
EndProject
Global
	GlobalSection(SolutionConfigurationPlatforms) = preSolution
		Debug|Any CPU = Debug|Any CPU
		Release|Any CPU = Release|Any CPU
	EndGlobalSection
	GlobalSection(ProjectConfigurationPlatforms) = postSolution
		{C3F97391-D281-4F99-920B-33940F76ACC5}.Debug|Any CPU.ActiveCfg = Debug|Any CPU
		{C3F97391-D281-4F99-920B-33940F76ACC5}.Debug|Any CPU.Build.0 = Debug|Any CPU
		{C3F97391-D281-4F99-920B-33940F76ACC5}.Release|Any CPU.ActiveCfg = Release|Any CPU
		{C3F97391-D281-4F99-920B-33940F76ACC5}.Release|Any CPU.Build.0 = Release|Any CPU
		{EEC88FAB-980A-44BB-AC1F-C280A29837DC}.Debug|Any CPU.ActiveCfg = Debug|Any CPU
		{EEC88FAB-980A-44BB-AC1F-C280A29837DC}.Debug|Any CPU.Build.0 = Debug|Any CPU
		{EEC88FAB-980A-44BB-AC1F-C280A29837DC}.Release|Any CPU.ActiveCfg = Release|Any CPU
		{EEC88FAB-980A-44BB-AC1F-C280A29837DC}.Release|Any CPU.Build.0 = Release|Any CPU
		{648BF115-64CD-47D6-B841-75D635E7F636}.Debug|Any CPU.ActiveCfg = Debug|Any CPU
		{648BF115-64CD-47D6-B841-75D635E7F636}.Debug|Any CPU.Build.0 = Debug|Any CPU
		{648BF115-64CD-47D6-B841-75D635E7F636}.Release|Any CPU.ActiveCfg = Release|Any CPU
		{648BF115-64CD-47D6-B841-75D635E7F636}.Release|Any CPU.Build.0 = Release|Any CPU
		{BFB60676-9698-47CB-999F-BF4E04F032F4}.Debug|Any CPU.ActiveCfg = Debug|Any CPU
		{BFB60676-9698-47CB-999F-BF4E04F032F4}.Debug|Any CPU.Build.0 = Debug|Any CPU
		{BFB60676-9698-47CB-999F-BF4E04F032F4}.Release|Any CPU.ActiveCfg = Release|Any CPU
		{BFB60676-9698-47CB-999F-BF4E04F032F4}.Release|Any CPU.Build.0 = Release|Any CPU
		{5DA316FE-DD35-4E80-8E18-427E24BD1EE4}.Debug|Any CPU.ActiveCfg = Debug|Any CPU
		{5DA316FE-DD35-4E80-8E18-427E24BD1EE4}.Debug|Any CPU.Build.0 = Debug|Any CPU
		{5DA316FE-DD35-4E80-8E18-427E24BD1EE4}.Release|Any CPU.ActiveCfg = Release|Any CPU
		{5DA316FE-DD35-4E80-8E18-427E24BD1EE4}.Release|Any CPU.Build.0 = Release|Any CPU
		{39C98530-2334-4E8B-B547-D38F0411819A}.Debug|Any CPU.ActiveCfg = Debug|Any CPU
		{39C98530-2334-4E8B-B547-D38F0411819A}.Debug|Any CPU.Build.0 = Debug|Any CPU
		{39C98530-2334-4E8B-B547-D38F0411819A}.Release|Any CPU.ActiveCfg = Release|Any CPU
		{39C98530-2334-4E8B-B547-D38F0411819A}.Release|Any CPU.Build.0 = Release|Any CPU
		{4B195E92-FF6E-4A17-A2B2-018E0CF1DDDF}.Debug|Any CPU.ActiveCfg = Debug|Any CPU
		{4B195E92-FF6E-4A17-A2B2-018E0CF1DDDF}.Debug|Any CPU.Build.0 = Debug|Any CPU
		{4B195E92-FF6E-4A17-A2B2-018E0CF1DDDF}.Release|Any CPU.ActiveCfg = Release|Any CPU
		{4B195E92-FF6E-4A17-A2B2-018E0CF1DDDF}.Release|Any CPU.Build.0 = Release|Any CPU
		{FC5A7BFA-0A84-4C7E-B02B-6C0E1732D2E0}.Debug|Any CPU.ActiveCfg = Debug|Any CPU
		{FC5A7BFA-0A84-4C7E-B02B-6C0E1732D2E0}.Debug|Any CPU.Build.0 = Debug|Any CPU
		{FC5A7BFA-0A84-4C7E-B02B-6C0E1732D2E0}.Release|Any CPU.ActiveCfg = Release|Any CPU
		{FC5A7BFA-0A84-4C7E-B02B-6C0E1732D2E0}.Release|Any CPU.Build.0 = Release|Any CPU
		{39CBBA92-0DCC-420F-B303-7706DC1EC687}.Debug|Any CPU.ActiveCfg = Debug|Any CPU
		{39CBBA92-0DCC-420F-B303-7706DC1EC687}.Debug|Any CPU.Build.0 = Debug|Any CPU
		{39CBBA92-0DCC-420F-B303-7706DC1EC687}.Release|Any CPU.ActiveCfg = Release|Any CPU
		{39CBBA92-0DCC-420F-B303-7706DC1EC687}.Release|Any CPU.Build.0 = Release|Any CPU
		{15EDB348-9866-4D3C-A4E1-48F7A504525D}.Debug|Any CPU.ActiveCfg = Debug|Any CPU
		{15EDB348-9866-4D3C-A4E1-48F7A504525D}.Debug|Any CPU.Build.0 = Debug|Any CPU
		{15EDB348-9866-4D3C-A4E1-48F7A504525D}.Release|Any CPU.ActiveCfg = Release|Any CPU
		{15EDB348-9866-4D3C-A4E1-48F7A504525D}.Release|Any CPU.Build.0 = Release|Any CPU
		{DD1753B6-20B6-4B88-83BA-3F8E2548E502}.Debug|Any CPU.ActiveCfg = Debug|Any CPU
		{DD1753B6-20B6-4B88-83BA-3F8E2548E502}.Debug|Any CPU.Build.0 = Debug|Any CPU
		{DD1753B6-20B6-4B88-83BA-3F8E2548E502}.Release|Any CPU.ActiveCfg = Release|Any CPU
		{DD1753B6-20B6-4B88-83BA-3F8E2548E502}.Release|Any CPU.Build.0 = Release|Any CPU
		{01ED7E69-B383-428A-AE1C-9DC27AF24DCF}.Debug|Any CPU.ActiveCfg = Debug|Any CPU
		{01ED7E69-B383-428A-AE1C-9DC27AF24DCF}.Debug|Any CPU.Build.0 = Debug|Any CPU
		{01ED7E69-B383-428A-AE1C-9DC27AF24DCF}.Release|Any CPU.ActiveCfg = Release|Any CPU
		{01ED7E69-B383-428A-AE1C-9DC27AF24DCF}.Release|Any CPU.Build.0 = Release|Any CPU
		{10E70E64-CAD9-491D-B94E-17AF14BD1C99}.Debug|Any CPU.ActiveCfg = Debug|Any CPU
		{10E70E64-CAD9-491D-B94E-17AF14BD1C99}.Debug|Any CPU.Build.0 = Debug|Any CPU
		{10E70E64-CAD9-491D-B94E-17AF14BD1C99}.Release|Any CPU.ActiveCfg = Release|Any CPU
		{10E70E64-CAD9-491D-B94E-17AF14BD1C99}.Release|Any CPU.Build.0 = Release|Any CPU
		{44DDDCAB-3C48-4A4F-966B-07801B549225}.Debug|Any CPU.ActiveCfg = Debug|Any CPU
		{44DDDCAB-3C48-4A4F-966B-07801B549225}.Debug|Any CPU.Build.0 = Debug|Any CPU
		{44DDDCAB-3C48-4A4F-966B-07801B549225}.Release|Any CPU.ActiveCfg = Release|Any CPU
		{44DDDCAB-3C48-4A4F-966B-07801B549225}.Release|Any CPU.Build.0 = Release|Any CPU
		{5B0545B4-87A3-4307-B0F9-56041DC52555}.Debug|Any CPU.ActiveCfg = Debug|Any CPU
		{5B0545B4-87A3-4307-B0F9-56041DC52555}.Debug|Any CPU.Build.0 = Debug|Any CPU
		{5B0545B4-87A3-4307-B0F9-56041DC52555}.Release|Any CPU.ActiveCfg = Release|Any CPU
		{5B0545B4-87A3-4307-B0F9-56041DC52555}.Release|Any CPU.Build.0 = Release|Any CPU
		{06BA8EFC-78B7-4431-B94A-E153F2602F1E}.Debug|Any CPU.ActiveCfg = Debug|Any CPU
		{06BA8EFC-78B7-4431-B94A-E153F2602F1E}.Debug|Any CPU.Build.0 = Debug|Any CPU
		{06BA8EFC-78B7-4431-B94A-E153F2602F1E}.Release|Any CPU.ActiveCfg = Release|Any CPU
		{06BA8EFC-78B7-4431-B94A-E153F2602F1E}.Release|Any CPU.Build.0 = Release|Any CPU
		{7CE67A1F-D0F8-4070-8967-5C08786413EC}.Debug|Any CPU.ActiveCfg = Debug|Any CPU
		{7CE67A1F-D0F8-4070-8967-5C08786413EC}.Debug|Any CPU.Build.0 = Debug|Any CPU
		{7CE67A1F-D0F8-4070-8967-5C08786413EC}.Release|Any CPU.ActiveCfg = Release|Any CPU
		{7CE67A1F-D0F8-4070-8967-5C08786413EC}.Release|Any CPU.Build.0 = Release|Any CPU
		{34AA4463-525A-4D0C-9364-A8BE5C6D73A7}.Debug|Any CPU.ActiveCfg = Debug|Any CPU
		{34AA4463-525A-4D0C-9364-A8BE5C6D73A7}.Debug|Any CPU.Build.0 = Debug|Any CPU
		{34AA4463-525A-4D0C-9364-A8BE5C6D73A7}.Release|Any CPU.ActiveCfg = Release|Any CPU
		{34AA4463-525A-4D0C-9364-A8BE5C6D73A7}.Release|Any CPU.Build.0 = Release|Any CPU
	EndGlobalSection
	GlobalSection(SolutionProperties) = preSolution
		HideSolutionNode = FALSE
	EndGlobalSection
	GlobalSection(NestedProjects) = preSolution
		{15EDB348-9866-4D3C-A4E1-48F7A504525D} = {0D13CEB7-56B2-42D0-8332-FD45C014FDF7}
		{01ED7E69-B383-428A-AE1C-9DC27AF24DCF} = {0D13CEB7-56B2-42D0-8332-FD45C014FDF7}
		{5B0545B4-87A3-4307-B0F9-56041DC52555} = {0D13CEB7-56B2-42D0-8332-FD45C014FDF7}
	EndGlobalSection
	GlobalSection(ExtensibilityGlobals) = postSolution
		SolutionGuid = {313F83B6-33ED-4B77-B8DB-5626236F6B95}
	EndGlobalSection
EndGlobal
